{
  "R": {
    "Version": "4.2.2",
    "Repositories": [
      {
        "Name": "CRAN",
        "URL": "https://cran.rstudio.com"
      }
    ]
  },
  "Packages": {
    "bayestestR": {
      "Package": "bayestestR",
      "Version": "0.13.0",
      "Source": "Repository",
      "Repository": "CRAN",
      "Hash": "caecf6cf095962f3d6645ddab4c691e8",
      "Requirements": [
        "datawizard",
        "insight"
      ]
    },
    "datawizard": {
      "Package": "datawizard",
      "Version": "0.6.4",
      "Source": "Repository",
      "Repository": "CRAN",
      "Hash": "23757eb3960a1521d33ff4dd1c399ab3",
      "Requirements": [
        "insight"
      ]
    },
    "here": {
      "Package": "here",
      "Version": "1.0.1",
      "Source": "Repository",
      "Repository": "CRAN",
      "Hash": "24b224366f9c2e7534d2344d10d59211",
      "Requirements": [
        "rprojroot"
      ]
    },
    "insight": {
      "Package": "insight",
      "Version": "0.18.8",
      "Source": "Repository",
      "Repository": "CRAN",
      "Hash": "63e5c0b19f7a78e13cda42e1c3b03549",
      "Requirements": []
    },
    "renv": {
      "Package": "renv",
      "Version": "0.16.0",
      "Source": "Repository",
      "Repository": "CRAN",
      "Hash": "c9e8442ab69bc21c9697ecf856c1e6c7",
      "Requirements": []
    },
    "rprojroot": {
      "Package": "rprojroot",
      "Version": "2.0.3",
      "Source": "Repository",
      "Repository": "CRAN",
      "Hash": "1de7ab598047a87bba48434ba35d497d",
      "Requirements": []
    }
  }
}
